
Microsoft Visual Studio Solution File, Format Version 12.00
# Visual Studio 15
VisualStudioVersion = 15.0.26730.12
MinimumVisualStudioVersion = 10.0.40219.1
Project("{FAE04EC0-301F-11D3-BF4B-00C04F79EFBC}") = "ConcurrentServer(MiniChat)", "ConcurrentServer(MiniChat)\ConcurrentServer(MiniChat).csproj", "{B00B10CB-270F-4F4D-AFC2-52EC7E5E5346}"
EndProject
Project("{FAE04EC0-301F-11D3-BF4B-00C04F79EFBC}") = "MiniChatClient", "MiniChatClient\MiniChatClient.csproj", "{660EB1EE-8102-4463-BBED-509088DAB0F0}"
EndProject
Global
	GlobalSection(SolutionConfigurationPlatforms) = preSolution
		Debug|Any CPU = Debug|Any CPU
		Release|Any CPU = Release|Any CPU
	EndGlobalSection
	GlobalSection(ProjectConfigurationPlatforms) = postSolution
		{B00B10CB-270F-4F4D-AFC2-52EC7E5E5346}.Debug|Any CPU.ActiveCfg = Debug|Any CPU
		{B00B10CB-270F-4F4D-AFC2-52EC7E5E5346}.Debug|Any CPU.Build.0 = Debug|Any CPU
		{B00B10CB-270F-4F4D-AFC2-52EC7E5E5346}.Release|Any CPU.ActiveCfg = Release|Any CPU
		{B00B10CB-270F-4F4D-AFC2-52EC7E5E5346}.Release|Any CPU.Build.0 = Release|Any CPU
		{660EB1EE-8102-4463-BBED-509088DAB0F0}.Debug|Any CPU.ActiveCfg = Debug|Any CPU
		{660EB1EE-8102-4463-BBED-509088DAB0F0}.Debug|Any CPU.Build.0 = Debug|Any CPU
		{660EB1EE-8102-4463-BBED-509088DAB0F0}.Release|Any CPU.ActiveCfg = Release|Any CPU
		{660EB1EE-8102-4463-BBED-509088DAB0F0}.Release|Any CPU.Build.0 = Release|Any CPU
	EndGlobalSection
	GlobalSection(SolutionProperties) = preSolution
		HideSolutionNode = FALSE
	EndGlobalSection
	GlobalSection(ExtensibilityGlobals) = postSolution
		SolutionGuid = {362C6597-C9D9-4AB0-BE2C-B70F93CE3595}
	EndGlobalSection
EndGlobal
